// !$*UTF8*$!
{
	archiveVersion = 1;
	classes = {
	};
	objectVersion = 56;
	objects = {

/* Begin PBXBuildFile section */
		043CF34A29C9C9AC00F98489 /* AppDelegate.swift in Sources */ = {isa = PBXBuildFile; fileRef = 043CF34929C9C9AC00F98489 /* AppDelegate.swift */; };
		043CF34C29C9C9AC00F98489 /* SceneDelegate.swift in Sources */ = {isa = PBXBuildFile; fileRef = 043CF34B29C9C9AC00F98489 /* SceneDelegate.swift */; };
		043CF34E29C9C9AC00F98489 /* SearchViewController.swift in Sources */ = {isa = PBXBuildFile; fileRef = 043CF34D29C9C9AC00F98489 /* SearchViewController.swift */; };
		043CF35329C9C9AD00F98489 /* Assets.xcassets in Resources */ = {isa = PBXBuildFile; fileRef = 043CF35229C9C9AD00F98489 /* Assets.xcassets */; };
		043CF35629C9C9AD00F98489 /* LaunchScreen.storyboard in Resources */ = {isa = PBXBuildFile; fileRef = 043CF35429C9C9AD00F98489 /* LaunchScreen.storyboard */; };
		043CF35F29C9C9D400F98489 /* Alamofire in Frameworks */ = {isa = PBXBuildFile; productRef = 043CF35E29C9C9D400F98489 /* Alamofire */; };
		043CF36129C9C9E700F98489 /* NetworkManager.swift in Sources */ = {isa = PBXBuildFile; fileRef = 043CF36029C9C9E700F98489 /* NetworkManager.swift */; };
		043CF36329C9CAA300F98489 /* PlayerModel.swift in Sources */ = {isa = PBXBuildFile; fileRef = 043CF36229C9CAA300F98489 /* PlayerModel.swift */; };
		043CF36629C9CC9800F98489 /* SDWebImage in Frameworks */ = {isa = PBXBuildFile; productRef = 043CF36529C9CC9800F98489 /* SDWebImage */; };
		043CF36829C9D46000F98489 /* PopUpView.swift in Sources */ = {isa = PBXBuildFile; fileRef = 043CF36729C9D46000F98489 /* PopUpView.swift */; };
		043CF37529C9FD7200F98489 /* WebViewController.swift in Sources */ = {isa = PBXBuildFile; fileRef = 043CF37429C9FD7200F98489 /* WebViewController.swift */; };
		043CF37729CA04A900F98489 /* UIView + Extension.swift in Sources */ = {isa = PBXBuildFile; fileRef = 043CF37629CA04A900F98489 /* UIView + Extension.swift */; };
		043CF37929CA12A100F98489 /* FavouritesViewController.swift in Sources */ = {isa = PBXBuildFile; fileRef = 043CF37829CA12A100F98489 /* FavouritesViewController.swift */; };
		043CF37D29CA18B100F98489 /* FavouriteTableViewCell.swift in Sources */ = {isa = PBXBuildFile; fileRef = 043CF37C29CA18B100F98489 /* FavouriteTableViewCell.swift */; };
		043CF37F29CA2D5B00F98489 /* RealmManager.swift in Sources */ = {isa = PBXBuildFile; fileRef = 043CF37E29CA2D5B00F98489 /* RealmManager.swift */; };
		043CF38229CA302500F98489 /* Realm in Frameworks */ = {isa = PBXBuildFile; productRef = 043CF38129CA302500F98489 /* Realm */; };
		043CF38429CA302500F98489 /* RealmSwift in Frameworks */ = {isa = PBXBuildFile; productRef = 043CF38329CA302500F98489 /* RealmSwift */; };
		043CF38629CA359300F98489 /* PlayerRealmModel.swift in Sources */ = {isa = PBXBuildFile; fileRef = 043CF38529CA359300F98489 /* PlayerRealmModel.swift */; };
		04D20CA629CB159D001C8097 /* PopUpView + Extension.swift in Sources */ = {isa = PBXBuildFile; fileRef = 04D20CA529CB159D001C8097 /* PopUpView + Extension.swift */; };
		04D20CA829CB205E001C8097 /* Main.storyboard in Resources */ = {isa = PBXBuildFile; fileRef = 04D20CA729CB205E001C8097 /* Main.storyboard */; };
		04D20CAA29CB5ABE001C8097 /* EditingViewController.swift in Sources */ = {isa = PBXBuildFile; fileRef = 04D20CA929CB5ABE001C8097 /* EditingViewController.swift */; };
/* End PBXBuildFile section */

/* Begin PBXFileReference section */
		043CF34629C9C9AC00F98489 /* Steam-API.app */ = {isa = PBXFileReference; explicitFileType = wrapper.application; includeInIndex = 0; path = "Steam-API.app"; sourceTree = BUILT_PRODUCTS_DIR; };
		043CF34929C9C9AC00F98489 /* AppDelegate.swift */ = {isa = PBXFileReference; lastKnownFileType = sourcecode.swift; path = AppDelegate.swift; sourceTree = "<group>"; };
		043CF34B29C9C9AC00F98489 /* SceneDelegate.swift */ = {isa = PBXFileReference; lastKnownFileType = sourcecode.swift; path = SceneDelegate.swift; sourceTree = "<group>"; };
		043CF34D29C9C9AC00F98489 /* SearchViewController.swift */ = {isa = PBXFileReference; lastKnownFileType = sourcecode.swift; path = SearchViewController.swift; sourceTree = "<group>"; };
		043CF35229C9C9AD00F98489 /* Assets.xcassets */ = {isa = PBXFileReference; lastKnownFileType = folder.assetcatalog; path = Assets.xcassets; sourceTree = "<group>"; };
		043CF35529C9C9AD00F98489 /* Base */ = {isa = PBXFileReference; lastKnownFileType = file.storyboard; name = Base; path = Base.lproj/LaunchScreen.storyboard; sourceTree = "<group>"; };
		043CF35729C9C9AD00F98489 /* Info.plist */ = {isa = PBXFileReference; lastKnownFileType = text.plist.xml; path = Info.plist; sourceTree = "<group>"; };
		043CF36029C9C9E700F98489 /* NetworkManager.swift */ = {isa = PBXFileReference; lastKnownFileType = sourcecode.swift; path = NetworkManager.swift; sourceTree = "<group>"; };
		043CF36229C9CAA300F98489 /* PlayerModel.swift */ = {isa = PBXFileReference; lastKnownFileType = sourcecode.swift; path = PlayerModel.swift; sourceTree = "<group>"; };
		043CF36729C9D46000F98489 /* PopUpView.swift */ = {isa = PBXFileReference; lastKnownFileType = sourcecode.swift; path = PopUpView.swift; sourceTree = "<group>"; };
		043CF37429C9FD7200F98489 /* WebViewController.swift */ = {isa = PBXFileReference; lastKnownFileType = sourcecode.swift; path = WebViewController.swift; sourceTree = "<group>"; };
		043CF37629CA04A900F98489 /* UIView + Extension.swift */ = {isa = PBXFileReference; lastKnownFileType = sourcecode.swift; path = "UIView + Extension.swift"; sourceTree = "<group>"; };
		043CF37829CA12A100F98489 /* FavouritesViewController.swift */ = {isa = PBXFileReference; lastKnownFileType = sourcecode.swift; path = FavouritesViewController.swift; sourceTree = "<group>"; };
		043CF37C29CA18B100F98489 /* FavouriteTableViewCell.swift */ = {isa = PBXFileReference; lastKnownFileType = sourcecode.swift; path = FavouriteTableViewCell.swift; sourceTree = "<group>"; };
		043CF37E29CA2D5B00F98489 /* RealmManager.swift */ = {isa = PBXFileReference; lastKnownFileType = sourcecode.swift; path = RealmManager.swift; sourceTree = "<group>"; };
		043CF38529CA359300F98489 /* PlayerRealmModel.swift */ = {isa = PBXFileReference; lastKnownFileType = sourcecode.swift; path = PlayerRealmModel.swift; sourceTree = "<group>"; };
		04D20CA529CB159D001C8097 /* PopUpView + Extension.swift */ = {isa = PBXFileReference; lastKnownFileType = sourcecode.swift; path = "PopUpView + Extension.swift"; sourceTree = "<group>"; };
		04D20CA729CB205E001C8097 /* Main.storyboard */ = {isa = PBXFileReference; fileEncoding = 4; lastKnownFileType = file.storyboard; path = Main.storyboard; sourceTree = "<group>"; };
		04D20CA929CB5ABE001C8097 /* EditingViewController.swift */ = {isa = PBXFileReference; lastKnownFileType = sourcecode.swift; path = EditingViewController.swift; sourceTree = "<group>"; };
/* End PBXFileReference section */

/* Begin PBXFrameworksBuildPhase section */
		043CF34329C9C9AC00F98489 /* Frameworks */ = {
			isa = PBXFrameworksBuildPhase;
			buildActionMask = 2147483647;
			files = (
				043CF38429CA302500F98489 /* RealmSwift in Frameworks */,
				043CF38229CA302500F98489 /* Realm in Frameworks */,
				043CF36629C9CC9800F98489 /* SDWebImage in Frameworks */,
				043CF35F29C9C9D400F98489 /* Alamofire in Frameworks */,
			);
			runOnlyForDeploymentPostprocessing = 0;
		};
/* End PBXFrameworksBuildPhase section */

/* Begin PBXGroup section */
		043CF33D29C9C9AC00F98489 = {
			isa = PBXGroup;
			children = (
				043CF34829C9C9AC00F98489 /* Steam-API */,
				043CF34729C9C9AC00F98489 /* Products */,
			);
			sourceTree = "<group>";
		};
		043CF34729C9C9AC00F98489 /* Products */ = {
			isa = PBXGroup;
			children = (
				043CF34629C9C9AC00F98489 /* Steam-API.app */,
			);
			name = Products;
			sourceTree = "<group>";
		};
		043CF34829C9C9AC00F98489 /* Steam-API */ = {
			isa = PBXGroup;
			children = (
				043CF34929C9C9AC00F98489 /* AppDelegate.swift */,
				043CF34B29C9C9AC00F98489 /* SceneDelegate.swift */,
				043CF38929CA3AE400F98489 /* Managers */,
				043CF38729CA3AC000F98489 /* Models */,
				043CF38829CA3AD400F98489 /* Controllers */,
				043CF38E29CA5EEB00F98489 /* Views */,
				043CF38A29CA5C7600F98489 /* Extension */,
				043CF35229C9C9AD00F98489 /* Assets.xcassets */,
				04D20CA729CB205E001C8097 /* Main.storyboard */,
				043CF35429C9C9AD00F98489 /* LaunchScreen.storyboard */,
				043CF35729C9C9AD00F98489 /* Info.plist */,
			);
			path = "Steam-API";
			sourceTree = "<group>";
		};
		043CF38729CA3AC000F98489 /* Models */ = {
			isa = PBXGroup;
			children = (
				043CF38D29CA5EC100F98489 /* Data */,
				043CF36229C9CAA300F98489 /* PlayerModel.swift */,
			);
			path = Models;
			sourceTree = "<group>";
		};
		043CF38829CA3AD400F98489 /* Controllers */ = {
			isa = PBXGroup;
			children = (
				043CF34D29C9C9AC00F98489 /* SearchViewController.swift */,
				043CF37429C9FD7200F98489 /* WebViewController.swift */,
				043CF37829CA12A100F98489 /* FavouritesViewController.swift */,
				04D20CA929CB5ABE001C8097 /* EditingViewController.swift */,
			);
			path = Controllers;
			sourceTree = "<group>";
		};
		043CF38929CA3AE400F98489 /* Managers */ = {
			isa = PBXGroup;
			children = (
				043CF36029C9C9E700F98489 /* NetworkManager.swift */,
				043CF37E29CA2D5B00F98489 /* RealmManager.swift */,
			);
			path = Managers;
			sourceTree = "<group>";
		};
		043CF38A29CA5C7600F98489 /* Extension */ = {
			isa = PBXGroup;
			children = (
				043CF37629CA04A900F98489 /* UIView + Extension.swift */,
				04D20CA529CB159D001C8097 /* PopUpView + Extension.swift */,
			);
			path = Extension;
			sourceTree = "<group>";
		};
		043CF38D29CA5EC100F98489 /* Data */ = {
			isa = PBXGroup;
			children = (
				043CF38529CA359300F98489 /* PlayerRealmModel.swift */,
			);
			path = Data;
			sourceTree = "<group>";
		};
		043CF38E29CA5EEB00F98489 /* Views */ = {
			isa = PBXGroup;
			children = (
				043CF36729C9D46000F98489 /* PopUpView.swift */,
				043CF37C29CA18B100F98489 /* FavouriteTableViewCell.swift */,
			);
			path = Views;
			sourceTree = "<group>";
		};
/* End PBXGroup section */

/* Begin PBXNativeTarget section */
		043CF34529C9C9AC00F98489 /* Steam-API */ = {
			isa = PBXNativeTarget;
			buildConfigurationList = 043CF35A29C9C9AD00F98489 /* Build configuration list for PBXNativeTarget "Steam-API" */;
			buildPhases = (
				043CF34229C9C9AC00F98489 /* Sources */,
				043CF34329C9C9AC00F98489 /* Frameworks */,
				043CF34429C9C9AC00F98489 /* Resources */,
			);
			buildRules = (
			);
			dependencies = (
			);
			name = "Steam-API";
			packageProductDependencies = (
				043CF35E29C9C9D400F98489 /* Alamofire */,
				043CF36529C9CC9800F98489 /* SDWebImage */,
				043CF38129CA302500F98489 /* Realm */,
				043CF38329CA302500F98489 /* RealmSwift */,
			);
			productName = "Steam-API";
			productReference = 043CF34629C9C9AC00F98489 /* Steam-API.app */;
			productType = "com.apple.product-type.application";
		};
/* End PBXNativeTarget section */

/* Begin PBXProject section */
		043CF33E29C9C9AC00F98489 /* Project object */ = {
			isa = PBXProject;
			attributes = {
				BuildIndependentTargetsInParallel = 1;
				LastSwiftUpdateCheck = 1400;
				LastUpgradeCheck = 1400;
				TargetAttributes = {
					043CF34529C9C9AC00F98489 = {
						CreatedOnToolsVersion = 14.0;
					};
				};
			};
			buildConfigurationList = 043CF34129C9C9AC00F98489 /* Build configuration list for PBXProject "Steam-API" */;
			compatibilityVersion = "Xcode 14.0";
			developmentRegion = en;
			hasScannedForEncodings = 0;
			knownRegions = (
				en,
				Base,
			);
			mainGroup = 043CF33D29C9C9AC00F98489;
			packageReferences = (
				043CF35D29C9C9D400F98489 /* XCRemoteSwiftPackageReference "Alamofire" */,
				043CF36429C9CC9800F98489 /* XCRemoteSwiftPackageReference "SDWebImage" */,
				043CF38029CA302500F98489 /* XCRemoteSwiftPackageReference "realm-swift" */,
			);
			productRefGroup = 043CF34729C9C9AC00F98489 /* Products */;
			projectDirPath = "";
			projectRoot = "";
			targets = (
				043CF34529C9C9AC00F98489 /* Steam-API */,
			);
		};
/* End PBXProject section */

/* Begin PBXResourcesBuildPhase section */
		043CF34429C9C9AC00F98489 /* Resources */ = {
			isa = PBXResourcesBuildPhase;
			buildActionMask = 2147483647;
			files = (
				04D20CA829CB205E001C8097 /* Main.storyboard in Resources */,
				043CF35629C9C9AD00F98489 /* LaunchScreen.storyboard in Resources */,
				043CF35329C9C9AD00F98489 /* Assets.xcassets in Resources */,
			);
			runOnlyForDeploymentPostprocessing = 0;
		};
/* End PBXResourcesBuildPhase section */

/* Begin PBXSourcesBuildPhase section */
		043CF34229C9C9AC00F98489 /* Sources */ = {
			isa = PBXSourcesBuildPhase;
			buildActionMask = 2147483647;
			files = (
				043CF37929CA12A100F98489 /* FavouritesViewController.swift in Sources */,
				043CF36329C9CAA300F98489 /* PlayerModel.swift in Sources */,
				043CF37F29CA2D5B00F98489 /* RealmManager.swift in Sources */,
				04D20CA629CB159D001C8097 /* PopUpView + Extension.swift in Sources */,
				043CF36129C9C9E700F98489 /* NetworkManager.swift in Sources */,
				043CF37D29CA18B100F98489 /* FavouriteTableViewCell.swift in Sources */,
				043CF34E29C9C9AC00F98489 /* SearchViewController.swift in Sources */,
				043CF34A29C9C9AC00F98489 /* AppDelegate.swift in Sources */,
				043CF37729CA04A900F98489 /* UIView + Extension.swift in Sources */,
				043CF37529C9FD7200F98489 /* WebViewController.swift in Sources */,
				043CF38629CA359300F98489 /* PlayerRealmModel.swift in Sources */,
				043CF36829C9D46000F98489 /* PopUpView.swift in Sources */,
				04D20CAA29CB5ABE001C8097 /* EditingViewController.swift in Sources */,
				043CF34C29C9C9AC00F98489 /* SceneDelegate.swift in Sources */,
			);
			runOnlyForDeploymentPostprocessing = 0;
		};
/* End PBXSourcesBuildPhase section */

/* Begin PBXVariantGroup section */
		043CF35429C9C9AD00F98489 /* LaunchScreen.storyboard */ = {
			isa = PBXVariantGroup;
			children = (
				043CF35529C9C9AD00F98489 /* Base */,
			);
			name = LaunchScreen.storyboard;
			sourceTree = "<group>";
		};
/* End PBXVariantGroup section */

/* Begin XCBuildConfiguration section */
		043CF35829C9C9AD00F98489 /* Debug */ = {
			isa = XCBuildConfiguration;
			buildSettings = {
				ALWAYS_SEARCH_USER_PATHS = NO;
				CLANG_ANALYZER_NONNULL = YES;
				CLANG_ANALYZER_NUMBER_OBJECT_CONVERSION = YES_AGGRESSIVE;
				CLANG_CXX_LANGUAGE_STANDARD = "gnu++20";
				CLANG_ENABLE_MODULES = YES;
				CLANG_ENABLE_OBJC_ARC = YES;
				CLANG_ENABLE_OBJC_WEAK = YES;
				CLANG_WARN_BLOCK_CAPTURE_AUTORELEASING = YES;
				CLANG_WARN_BOOL_CONVERSION = YES;
				CLANG_WARN_COMMA = YES;
				CLANG_WARN_CONSTANT_CONVERSION = YES;
				CLANG_WARN_DEPRECATED_OBJC_IMPLEMENTATIONS = YES;
				CLANG_WARN_DIRECT_OBJC_ISA_USAGE = YES_ERROR;
				CLANG_WARN_DOCUMENTATION_COMMENTS = YES;
				CLANG_WARN_EMPTY_BODY = YES;
				CLANG_WARN_ENUM_CONVERSION = YES;
				CLANG_WARN_INFINITE_RECURSION = YES;
				CLANG_WARN_INT_CONVERSION = YES;
				CLANG_WARN_NON_LITERAL_NULL_CONVERSION = YES;
				CLANG_WARN_OBJC_IMPLICIT_RETAIN_SELF = YES;
				CLANG_WARN_OBJC_LITERAL_CONVERSION = YES;
				CLANG_WARN_OBJC_ROOT_CLASS = YES_ERROR;
				CLANG_WARN_QUOTED_INCLUDE_IN_FRAMEWORK_HEADER = YES;
				CLANG_WARN_RANGE_LOOP_ANALYSIS = YES;
				CLANG_WARN_STRICT_PROTOTYPES = YES;
				CLANG_WARN_SUSPICIOUS_MOVE = YES;
				CLANG_WARN_UNGUARDED_AVAILABILITY = YES_AGGRESSIVE;
				CLANG_WARN_UNREACHABLE_CODE = YES;
				CLANG_WARN__DUPLICATE_METHOD_MATCH = YES;
				COPY_PHASE_STRIP = NO;
				DEBUG_INFORMATION_FORMAT = dwarf;
				ENABLE_STRICT_OBJC_MSGSEND = YES;
				ENABLE_TESTABILITY = YES;
				GCC_C_LANGUAGE_STANDARD = gnu11;
				GCC_DYNAMIC_NO_PIC = NO;
				GCC_NO_COMMON_BLOCKS = YES;
				GCC_OPTIMIZATION_LEVEL = 0;
				GCC_PREPROCESSOR_DEFINITIONS = (
					"DEBUG=1",
					"$(inherited)",
				);
				GCC_WARN_64_TO_32_BIT_CONVERSION = YES;
				GCC_WARN_ABOUT_RETURN_TYPE = YES_ERROR;
				GCC_WARN_UNDECLARED_SELECTOR = YES;
				GCC_WARN_UNINITIALIZED_AUTOS = YES_AGGRESSIVE;
				GCC_WARN_UNUSED_FUNCTION = YES;
				GCC_WARN_UNUSED_VARIABLE = YES;
				IPHONEOS_DEPLOYMENT_TARGET = 16.0;
				MTL_ENABLE_DEBUG_INFO = INCLUDE_SOURCE;
				MTL_FAST_MATH = YES;
				ONLY_ACTIVE_ARCH = YES;
				SDKROOT = iphoneos;
				SWIFT_ACTIVE_COMPILATION_CONDITIONS = DEBUG;
				SWIFT_OPTIMIZATION_LEVEL = "-Onone";
			};
			name = Debug;
		};
		043CF35929C9C9AD00F98489 /* Release */ = {
			isa = XCBuildConfiguration;
			buildSettings = {
				ALWAYS_SEARCH_USER_PATHS = NO;
				CLANG_ANALYZER_NONNULL = YES;
				CLANG_ANALYZER_NUMBER_OBJECT_CONVERSION = YES_AGGRESSIVE;
				CLANG_CXX_LANGUAGE_STANDARD = "gnu++20";
				CLANG_ENABLE_MODULES = YES;
				CLANG_ENABLE_OBJC_ARC = YES;
				CLANG_ENABLE_OBJC_WEAK = YES;
				CLANG_WARN_BLOCK_CAPTURE_AUTORELEASING = YES;
				CLANG_WARN_BOOL_CONVERSION = YES;
				CLANG_WARN_COMMA = YES;
				CLANG_WARN_CONSTANT_CONVERSION = YES;
				CLANG_WARN_DEPRECATED_OBJC_IMPLEMENTATIONS = YES;
				CLANG_WARN_DIRECT_OBJC_ISA_USAGE = YES_ERROR;
				CLANG_WARN_DOCUMENTATION_COMMENTS = YES;
				CLANG_WARN_EMPTY_BODY = YES;
				CLANG_WARN_ENUM_CONVERSION = YES;
				CLANG_WARN_INFINITE_RECURSION = YES;
				CLANG_WARN_INT_CONVERSION = YES;
				CLANG_WARN_NON_LITERAL_NULL_CONVERSION = YES;
				CLANG_WARN_OBJC_IMPLICIT_RETAIN_SELF = YES;
				CLANG_WARN_OBJC_LITERAL_CONVERSION = YES;
				CLANG_WARN_OBJC_ROOT_CLASS = YES_ERROR;
				CLANG_WARN_QUOTED_INCLUDE_IN_FRAMEWORK_HEADER = YES;
				CLANG_WARN_RANGE_LOOP_ANALYSIS = YES;
				CLANG_WARN_STRICT_PROTOTYPES = YES;
				CLANG_WARN_SUSPICIOUS_MOVE = YES;
				CLANG_WARN_UNGUARDED_AVAILABILITY = YES_AGGRESSIVE;
				CLANG_WARN_UNREACHABLE_CODE = YES;
				CLANG_WARN__DUPLICATE_METHOD_MATCH = YES;
				COPY_PHASE_STRIP = NO;
				DEBUG_INFORMATION_FORMAT = "dwarf-with-dsym";
				ENABLE_NS_ASSERTIONS = NO;
				ENABLE_STRICT_OBJC_MSGSEND = YES;
				GCC_C_LANGUAGE_STANDARD = gnu11;
				GCC_NO_COMMON_BLOCKS = YES;
				GCC_WARN_64_TO_32_BIT_CONVERSION = YES;
				GCC_WARN_ABOUT_RETURN_TYPE = YES_ERROR;
				GCC_WARN_UNDECLARED_SELECTOR = YES;
				GCC_WARN_UNINITIALIZED_AUTOS = YES_AGGRESSIVE;
				GCC_WARN_UNUSED_FUNCTION = YES;
				GCC_WARN_UNUSED_VARIABLE = YES;
				IPHONEOS_DEPLOYMENT_TARGET = 16.0;
				MTL_ENABLE_DEBUG_INFO = NO;
				MTL_FAST_MATH = YES;
				SDKROOT = iphoneos;
				SWIFT_COMPILATION_MODE = wholemodule;
				SWIFT_OPTIMIZATION_LEVEL = "-O";
				VALIDATE_PRODUCT = YES;
			};
			name = Release;
		};
		043CF35B29C9C9AD00F98489 /* Debug */ = {
			isa = XCBuildConfiguration;
			buildSettings = {
				ASSETCATALOG_COMPILER_APPICON_NAME = AppIcon;
				ASSETCATALOG_COMPILER_GLOBAL_ACCENT_COLOR_NAME = AccentColor;
				CODE_SIGN_STYLE = Automatic;
				CURRENT_PROJECT_VERSION = 1;
				DEVELOPMENT_TEAM = KU38Q6SWMB;
				GENERATE_INFOPLIST_FILE = YES;
				INFOPLIST_FILE = "Steam-API/Info.plist";
				INFOPLIST_KEY_UIApplicationSupportsIndirectInputEvents = YES;
				INFOPLIST_KEY_UILaunchStoryboardName = LaunchScreen;
				INFOPLIST_KEY_UIMainStoryboardFile = Main;
				INFOPLIST_KEY_UISupportedInterfaceOrientations_iPad = "UIInterfaceOrientationPortrait UIInterfaceOrientationPortraitUpsideDown UIInterfaceOrientationLandscapeLeft UIInterfaceOrientationLandscapeRight";
				INFOPLIST_KEY_UISupportedInterfaceOrientations_iPhone = "UIInterfaceOrientationPortrait UIInterfaceOrientationLandscapeLeft UIInterfaceOrientationLandscapeRight";
				IPHONEOS_DEPLOYMENT_TARGET = 16.0;
				LD_RUNPATH_SEARCH_PATHS = (
					"$(inherited)",
					"@executable_path/Frameworks",
				);
				MARKETING_VERSION = 1.0;
				PRODUCT_BUNDLE_IDENTIFIER = "com.ArtemTkachenko.Steam-API";
				PRODUCT_NAME = "$(TARGET_NAME)";
				SWIFT_EMIT_LOC_STRINGS = YES;
				SWIFT_VERSION = 5.0;
				TARGETED_DEVICE_FAMILY = "1,2";
			};
			name = Debug;
		};
		043CF35C29C9C9AD00F98489 /* Release */ = {
			isa = XCBuildConfiguration;
			buildSettings = {
				ASSETCATALOG_COMPILER_APPICON_NAME = AppIcon;
				ASSETCATALOG_COMPILER_GLOBAL_ACCENT_COLOR_NAME = AccentColor;
				CODE_SIGN_STYLE = Automatic;
				CURRENT_PROJECT_VERSION = 1;
				DEVELOPMENT_TEAM = KU38Q6SWMB;
				GENERATE_INFOPLIST_FILE = YES;
				INFOPLIST_FILE = "Steam-API/Info.plist";
				INFOPLIST_KEY_UIApplicationSupportsIndirectInputEvents = YES;
				INFOPLIST_KEY_UILaunchStoryboardName = LaunchScreen;
				INFOPLIST_KEY_UIMainStoryboardFile = Main;
				INFOPLIST_KEY_UISupportedInterfaceOrientations_iPad = "UIInterfaceOrientationPortrait UIInterfaceOrientationPortraitUpsideDown UIInterfaceOrientationLandscapeLeft UIInterfaceOrientationLandscapeRight";
				INFOPLIST_KEY_UISupportedInterfaceOrientations_iPhone = "UIInterfaceOrientationPortrait UIInterfaceOrientationLandscapeLeft UIInterfaceOrientationLandscapeRight";
				IPHONEOS_DEPLOYMENT_TARGET = 16.0;
				LD_RUNPATH_SEARCH_PATHS = (
					"$(inherited)",
					"@executable_path/Frameworks",
				);
				MARKETING_VERSION = 1.0;
				PRODUCT_BUNDLE_IDENTIFIER = "com.ArtemTkachenko.Steam-API";
				PRODUCT_NAME = "$(TARGET_NAME)";
				SWIFT_EMIT_LOC_STRINGS = YES;
				SWIFT_VERSION = 5.0;
				TARGETED_DEVICE_FAMILY = "1,2";
			};
			name = Release;
		};
/* End XCBuildConfiguration section */

/* Begin XCConfigurationList section */
		043CF34129C9C9AC00F98489 /* Build configuration list for PBXProject "Steam-API" */ = {
			isa = XCConfigurationList;
			buildConfigurations = (
				043CF35829C9C9AD00F98489 /* Debug */,
				043CF35929C9C9AD00F98489 /* Release */,
			);
			defaultConfigurationIsVisible = 0;
			defaultConfigurationName = Release;
		};
		043CF35A29C9C9AD00F98489 /* Build configuration list for PBXNativeTarget "Steam-API" */ = {
			isa = XCConfigurationList;
			buildConfigurations = (
				043CF35B29C9C9AD00F98489 /* Debug */,
				043CF35C29C9C9AD00F98489 /* Release */,
			);
			defaultConfigurationIsVisible = 0;
			defaultConfigurationName = Release;
		};
/* End XCConfigurationList section */

/* Begin XCRemoteSwiftPackageReference section */
		043CF35D29C9C9D400F98489 /* XCRemoteSwiftPackageReference "Alamofire" */ = {
			isa = XCRemoteSwiftPackageReference;
			repositoryURL = "https://github.com/Alamofire/Alamofire.git";
			requirement = {
				kind = upToNextMajorVersion;
				minimumVersion = 5.0.0;
			};
		};
		043CF36429C9CC9800F98489 /* XCRemoteSwiftPackageReference "SDWebImage" */ = {
			isa = XCRemoteSwiftPackageReference;
			repositoryURL = "https://github.com/SDWebImage/SDWebImage.git";
			requirement = {
				kind = upToNextMajorVersion;
				minimumVersion = 5.0.0;
			};
		};
		043CF38029CA302500F98489 /* XCRemoteSwiftPackageReference "realm-swift" */ = {
			isa = XCRemoteSwiftPackageReference;
			repositoryURL = "https://github.com/realm/realm-swift.git";
			requirement = {
				branch = master;
				kind = branch;
			};
		};
/* End XCRemoteSwiftPackageReference section */

/* Begin XCSwiftPackageProductDependency section */
		043CF35E29C9C9D400F98489 /* Alamofire */ = {
			isa = XCSwiftPackageProductDependency;
			package = 043CF35D29C9C9D400F98489 /* XCRemoteSwiftPackageReference "Alamofire" */;
			productName = Alamofire;
		};
		043CF36529C9CC9800F98489 /* SDWebImage */ = {
			isa = XCSwiftPackageProductDependency;
			package = 043CF36429C9CC9800F98489 /* XCRemoteSwiftPackageReference "SDWebImage" */;
			productName = SDWebImage;
		};
		043CF38129CA302500F98489 /* Realm */ = {
			isa = XCSwiftPackageProductDependency;
			package = 043CF38029CA302500F98489 /* XCRemoteSwiftPackageReference "realm-swift" */;
			productName = Realm;
		};
		043CF38329CA302500F98489 /* RealmSwift */ = {
			isa = XCSwiftPackageProductDependency;
			package = 043CF38029CA302500F98489 /* XCRemoteSwiftPackageReference "realm-swift" */;
			productName = RealmSwift;
		};
/* End XCSwiftPackageProductDependency section */
	};
	rootObject = 043CF33E29C9C9AC00F98489 /* Project object */;
}
